
Microsoft Visual Studio Solution File, Format Version 12.00
# Visual Studio Version 16
VisualStudioVersion = 16.0.31205.134
MinimumVisualStudioVersion = 10.0.40219.1
Project("{FAE04EC0-301F-11D3-BF4B-00C04F79EFBC}") = "WpfApp2", "WpfApp2\WpfApp2.csproj", "{D52CD874-9F60-4FE5-85E0-9B99FB0F095F}"
EndProject
Global
	GlobalSection(SolutionConfigurationPlatforms) = preSolution
		Debug|Any CPU = Debug|Any CPU
		Release|Any CPU = Release|Any CPU
	EndGlobalSection
	GlobalSection(ProjectConfigurationPlatforms) = postSolution
		{D52CD874-9F60-4FE5-85E0-9B99FB0F095F}.Debug|Any CPU.ActiveCfg = Debug|Any CPU
		{D52CD874-9F60-4FE5-85E0-9B99FB0F095F}.Debug|Any CPU.Build.0 = Debug|Any CPU
		{D52CD874-9F60-4FE5-85E0-9B99FB0F095F}.Release|Any CPU.ActiveCfg = Release|Any CPU
		{D52CD874-9F60-4FE5-85E0-9B99FB0F095F}.Release|Any CPU.Build.0 = Release|Any CPU
	EndGlobalSection
	GlobalSection(SolutionProperties) = preSolution
		HideSolutionNode = FALSE
	EndGlobalSection
	GlobalSection(ExtensibilityGlobals) = postSolution
		SolutionGuid = {C48AD059-F2F3-4168-BA75-BB584B497453}
	EndGlobalSection
EndGlobal
